
Microsoft Visual Studio Solution File, Format Version 12.00
# Visual Studio Version 16
VisualStudioVersion = 16.0.29613.14
MinimumVisualStudioVersion = 10.0.40219.1
Project("{FAE04EC0-301F-11D3-BF4B-00C04F79EFBC}") = "CMS.Domain", "src\CMS.Domain\CMS.Domain.csproj", "{CA951710-5EDC-44F9-92C4-7CD0F5E5D602}"
EndProject
Project("{FAE04EC0-301F-11D3-BF4B-00C04F79EFBC}") = "CMS.Infrastructure", "src\CMS.Infrastructure\CMS.Infrastructure.csproj", "{C7C24F6C-68EC-4D48-9842-BEC7FA883A51}"
EndProject
Project("{FAE04EC0-301F-11D3-BF4B-00C04F79EFBC}") = "CMS.WebApi", "src\CMS.WebApi\CMS.WebApi.csproj", "{5598B61A-E473-4786-BD4D-97B5D0FA71D0}"
EndProject
Global
	GlobalSection(SolutionConfigurationPlatforms) = preSolution
		Debug|Any CPU = Debug|Any CPU
		Release|Any CPU = Release|Any CPU
	EndGlobalSection
	GlobalSection(ProjectConfigurationPlatforms) = postSolution
		{CA951710-5EDC-44F9-92C4-7CD0F5E5D602}.Debug|Any CPU.ActiveCfg = Debug|Any CPU
		{CA951710-5EDC-44F9-92C4-7CD0F5E5D602}.Debug|Any CPU.Build.0 = Debug|Any CPU
		{CA951710-5EDC-44F9-92C4-7CD0F5E5D602}.Release|Any CPU.ActiveCfg = Release|Any CPU
		{CA951710-5EDC-44F9-92C4-7CD0F5E5D602}.Release|Any CPU.Build.0 = Release|Any CPU
		{C7C24F6C-68EC-4D48-9842-BEC7FA883A51}.Debug|Any CPU.ActiveCfg = Debug|Any CPU
		{C7C24F6C-68EC-4D48-9842-BEC7FA883A51}.Debug|Any CPU.Build.0 = Debug|Any CPU
		{C7C24F6C-68EC-4D48-9842-BEC7FA883A51}.Release|Any CPU.ActiveCfg = Release|Any CPU
		{C7C24F6C-68EC-4D48-9842-BEC7FA883A51}.Release|Any CPU.Build.0 = Release|Any CPU
		{5598B61A-E473-4786-BD4D-97B5D0FA71D0}.Debug|Any CPU.ActiveCfg = Debug|Any CPU
		{5598B61A-E473-4786-BD4D-97B5D0FA71D0}.Debug|Any CPU.Build.0 = Debug|Any CPU
		{5598B61A-E473-4786-BD4D-97B5D0FA71D0}.Release|Any CPU.ActiveCfg = Release|Any CPU
		{5598B61A-E473-4786-BD4D-97B5D0FA71D0}.Release|Any CPU.Build.0 = Release|Any CPU
	EndGlobalSection
	GlobalSection(SolutionProperties) = preSolution
		HideSolutionNode = FALSE
	EndGlobalSection
	GlobalSection(ExtensibilityGlobals) = postSolution
		SolutionGuid = {EA0FD719-1E7B-4599-940A-CDF871176C54}
	EndGlobalSection
EndGlobal
